// !$*UTF8*$!
{
	archiveVersion = 1;
	classes = {
	};
	objectVersion = 50;
	objects = {

/* Begin PBXBuildFile section */
		6C88878522429451005C25A9 /* AppDelegate.swift in Sources */ = {isa = PBXBuildFile; fileRef = 6C88878422429451005C25A9 /* AppDelegate.swift */; };
		6C88878A22429451005C25A9 /* Main.storyboard in Resources */ = {isa = PBXBuildFile; fileRef = 6C88878822429451005C25A9 /* Main.storyboard */; };
		6C88878C22429452005C25A9 /* Assets.xcassets in Resources */ = {isa = PBXBuildFile; fileRef = 6C88878B22429452005C25A9 /* Assets.xcassets */; };
		6C88878F22429452005C25A9 /* LaunchScreen.storyboard in Resources */ = {isa = PBXBuildFile; fileRef = 6C88878D22429452005C25A9 /* LaunchScreen.storyboard */; };
		6C88879D2242983D005C25A9 /* UserLocationManager.swift in Sources */ = {isa = PBXBuildFile; fileRef = 6C88879C2242983D005C25A9 /* UserLocationManager.swift */; };
		6C88879F2242990B005C25A9 /* ReaktorMapViewController.swift in Sources */ = {isa = PBXBuildFile; fileRef = 6C88879E2242990B005C25A9 /* ReaktorMapViewController.swift */; };
		6C8887A1224299F5005C25A9 /* AuthManager.swift in Sources */ = {isa = PBXBuildFile; fileRef = 6C8887A0224299F5005C25A9 /* AuthManager.swift */; };
		6C8887AA2243EA8D005C25A9 /* ReaktorMapViewModel.swift in Sources */ = {isa = PBXBuildFile; fileRef = 6C8887A92243EA8D005C25A9 /* ReaktorMapViewModel.swift */; };
		6C8887AC2243ECC4005C25A9 /* Statuses.swift in Sources */ = {isa = PBXBuildFile; fileRef = 6C8887AB2243ECC4005C25A9 /* Statuses.swift */; };
		6C8887AF2243F0B9005C25A9 /* Constants.swift in Sources */ = {isa = PBXBuildFile; fileRef = 6C8887AE2243F0B9005C25A9 /* Constants.swift */; };
		6C8887B62244208F005C25A9 /* Token.swift in Sources */ = {isa = PBXBuildFile; fileRef = 6C8887B52244208F005C25A9 /* Token.swift */; };
		6C8887B822443549005C25A9 /* String+Base64.swift in Sources */ = {isa = PBXBuildFile; fileRef = 6C8887B722443549005C25A9 /* String+Base64.swift */; };
		6C8887BA224458A8005C25A9 /* Status.swift in Sources */ = {isa = PBXBuildFile; fileRef = 6C8887B9224458A8005C25A9 /* Status.swift */; };
		6C8887BC224459AF005C25A9 /* User.swift in Sources */ = {isa = PBXBuildFile; fileRef = 6C8887BB224459AF005C25A9 /* User.swift */; };
		6C8887C02245AD6C005C25A9 /* APIService.swift in Sources */ = {isa = PBXBuildFile; fileRef = 6C8887BF2245AD6C005C25A9 /* APIService.swift */; };
		6C8887C22245CCAE005C25A9 /* LocationNearUser.swift in Sources */ = {isa = PBXBuildFile; fileRef = 6C8887C12245CCAE005C25A9 /* LocationNearUser.swift */; };
		6C8887C42245D341005C25A9 /* TwitterModalViewController.swift in Sources */ = {isa = PBXBuildFile; fileRef = 6C8887C32245D341005C25A9 /* TwitterModalViewController.swift */; };
		6C8887C62245D42C005C25A9 /* Entities.swift in Sources */ = {isa = PBXBuildFile; fileRef = 6C8887C52245D42C005C25A9 /* Entities.swift */; };
		6C8887C82245D4BA005C25A9 /* URLElement.swift in Sources */ = {isa = PBXBuildFile; fileRef = 6C8887C72245D4BA005C25A9 /* URLElement.swift */; };
		92962E9A55D8A5C89183BD43 /* Pods_ReaktorMap.framework in Frameworks */ = {isa = PBXBuildFile; fileRef = 4433EEFC5FC0DD29AA6C2108 /* Pods_ReaktorMap.framework */; };
/* End PBXBuildFile section */

/* Begin PBXFileReference section */
		4433EEFC5FC0DD29AA6C2108 /* Pods_ReaktorMap.framework */ = {isa = PBXFileReference; explicitFileType = wrapper.framework; includeInIndex = 0; path = Pods_ReaktorMap.framework; sourceTree = BUILT_PRODUCTS_DIR; };
		66230FF84013E3109C00A84C /* Pods-ReaktorMap.debug.xcconfig */ = {isa = PBXFileReference; includeInIndex = 1; lastKnownFileType = text.xcconfig; name = "Pods-ReaktorMap.debug.xcconfig"; path = "Pods/Target Support Files/Pods-ReaktorMap/Pods-ReaktorMap.debug.xcconfig"; sourceTree = "<group>"; };
		6C88878122429451005C25A9 /* ReaktorMap.app */ = {isa = PBXFileReference; explicitFileType = wrapper.application; includeInIndex = 0; path = ReaktorMap.app; sourceTree = BUILT_PRODUCTS_DIR; };
		6C88878422429451005C25A9 /* AppDelegate.swift */ = {isa = PBXFileReference; lastKnownFileType = sourcecode.swift; path = AppDelegate.swift; sourceTree = "<group>"; };
		6C88878922429451005C25A9 /* Base */ = {isa = PBXFileReference; lastKnownFileType = file.storyboard; name = Base; path = Base.lproj/Main.storyboard; sourceTree = "<group>"; };
		6C88878B22429452005C25A9 /* Assets.xcassets */ = {isa = PBXFileReference; lastKnownFileType = folder.assetcatalog; path = Assets.xcassets; sourceTree = "<group>"; };
		6C88878E22429452005C25A9 /* Base */ = {isa = PBXFileReference; lastKnownFileType = file.storyboard; name = Base; path = Base.lproj/LaunchScreen.storyboard; sourceTree = "<group>"; };
		6C88879022429452005C25A9 /* Info.plist */ = {isa = PBXFileReference; lastKnownFileType = text.plist.xml; path = Info.plist; sourceTree = "<group>"; };
		6C88879C2242983D005C25A9 /* UserLocationManager.swift */ = {isa = PBXFileReference; fileEncoding = 4; lastKnownFileType = sourcecode.swift; path = UserLocationManager.swift; sourceTree = "<group>"; };
		6C88879E2242990B005C25A9 /* ReaktorMapViewController.swift */ = {isa = PBXFileReference; lastKnownFileType = sourcecode.swift; path = ReaktorMapViewController.swift; sourceTree = "<group>"; };
		6C8887A0224299F5005C25A9 /* AuthManager.swift */ = {isa = PBXFileReference; lastKnownFileType = sourcecode.swift; path = AuthManager.swift; sourceTree = "<group>"; };
		6C8887A92243EA8D005C25A9 /* ReaktorMapViewModel.swift */ = {isa = PBXFileReference; lastKnownFileType = sourcecode.swift; path = ReaktorMapViewModel.swift; sourceTree = "<group>"; };
		6C8887AB2243ECC4005C25A9 /* Statuses.swift */ = {isa = PBXFileReference; lastKnownFileType = sourcecode.swift; path = Statuses.swift; sourceTree = "<group>"; };
		6C8887AE2243F0B9005C25A9 /* Constants.swift */ = {isa = PBXFileReference; lastKnownFileType = sourcecode.swift; path = Constants.swift; sourceTree = "<group>"; };
		6C8887B52244208F005C25A9 /* Token.swift */ = {isa = PBXFileReference; lastKnownFileType = sourcecode.swift; path = Token.swift; sourceTree = "<group>"; };
		6C8887B722443549005C25A9 /* String+Base64.swift */ = {isa = PBXFileReference; lastKnownFileType = sourcecode.swift; path = "String+Base64.swift"; sourceTree = "<group>"; };
		6C8887B9224458A8005C25A9 /* Status.swift */ = {isa = PBXFileReference; lastKnownFileType = sourcecode.swift; path = Status.swift; sourceTree = "<group>"; };
		6C8887BB224459AF005C25A9 /* User.swift */ = {isa = PBXFileReference; lastKnownFileType = sourcecode.swift; path = User.swift; sourceTree = "<group>"; };
		6C8887BF2245AD6C005C25A9 /* APIService.swift */ = {isa = PBXFileReference; lastKnownFileType = sourcecode.swift; path = APIService.swift; sourceTree = "<group>"; };
		6C8887C12245CCAE005C25A9 /* LocationNearUser.swift */ = {isa = PBXFileReference; lastKnownFileType = sourcecode.swift; path = LocationNearUser.swift; sourceTree = "<group>"; };
		6C8887C32245D341005C25A9 /* TwitterModalViewController.swift */ = {isa = PBXFileReference; lastKnownFileType = sourcecode.swift; path = TwitterModalViewController.swift; sourceTree = "<group>"; };
		6C8887C52245D42C005C25A9 /* Entities.swift */ = {isa = PBXFileReference; lastKnownFileType = sourcecode.swift; path = Entities.swift; sourceTree = "<group>"; };
		6C8887C72245D4BA005C25A9 /* URLElement.swift */ = {isa = PBXFileReference; lastKnownFileType = sourcecode.swift; path = URLElement.swift; sourceTree = "<group>"; };
		E05786758F452AC41D33201F /* Pods-ReaktorMap.release.xcconfig */ = {isa = PBXFileReference; includeInIndex = 1; lastKnownFileType = text.xcconfig; name = "Pods-ReaktorMap.release.xcconfig"; path = "Pods/Target Support Files/Pods-ReaktorMap/Pods-ReaktorMap.release.xcconfig"; sourceTree = "<group>"; };
/* End PBXFileReference section */

/* Begin PBXFrameworksBuildPhase section */
		6C88877E22429451005C25A9 /* Frameworks */ = {
			isa = PBXFrameworksBuildPhase;
			buildActionMask = 2147483647;
			files = (
				92962E9A55D8A5C89183BD43 /* Pods_ReaktorMap.framework in Frameworks */,
			);
			runOnlyForDeploymentPostprocessing = 0;
		};
/* End PBXFrameworksBuildPhase section */

/* Begin PBXGroup section */
		65CE1E8542942D342C57BA5E /* Frameworks */ = {
			isa = PBXGroup;
			children = (
				4433EEFC5FC0DD29AA6C2108 /* Pods_ReaktorMap.framework */,
			);
			name = Frameworks;
			sourceTree = "<group>";
		};
		67204938E64594864D75E0D3 /* Pods */ = {
			isa = PBXGroup;
			children = (
				66230FF84013E3109C00A84C /* Pods-ReaktorMap.debug.xcconfig */,
				E05786758F452AC41D33201F /* Pods-ReaktorMap.release.xcconfig */,
			);
			name = Pods;
			sourceTree = "<group>";
		};
		6C88877822429451005C25A9 = {
			isa = PBXGroup;
			children = (
				6C88878322429451005C25A9 /* ReaktorMap */,
				6C88878222429451005C25A9 /* Products */,
				67204938E64594864D75E0D3 /* Pods */,
				65CE1E8542942D342C57BA5E /* Frameworks */,
			);
			sourceTree = "<group>";
		};
		6C88878222429451005C25A9 /* Products */ = {
			isa = PBXGroup;
			children = (
				6C88878122429451005C25A9 /* ReaktorMap.app */,
			);
			name = Products;
			sourceTree = "<group>";
		};
		6C88878322429451005C25A9 /* ReaktorMap */ = {
			isa = PBXGroup;
			children = (
				6C88878422429451005C25A9 /* AppDelegate.swift */,
				6C8887992242976D005C25A9 /* Model */,
				6C8887A222429C95005C25A9 /* Networking */,
				6C88879B224297A0005C25A9 /* Managers */,
				6C88879822429763005C25A9 /* Views */,
				6C8887962242974A005C25A9 /* Interface */,
				6C88879722429757005C25A9 /* Assets */,
				6C8887AD2243F0B0005C25A9 /* Helpers */,
				6C88879A22429780005C25A9 /* Supporting Files */,
			);
			path = ReaktorMap;
			sourceTree = "<group>";
		};
		6C8887962242974A005C25A9 /* Interface */ = {
			isa = PBXGroup;
			children = (
				6C88878822429451005C25A9 /* Main.storyboard */,
				6C88878D22429452005C25A9 /* LaunchScreen.storyboard */,
			);
			path = Interface;
			sourceTree = "<group>";
		};
		6C88879722429757005C25A9 /* Assets */ = {
			isa = PBXGroup;
			children = (
				6C88878B22429452005C25A9 /* Assets.xcassets */,
			);
			path = Assets;
			sourceTree = "<group>";
		};
		6C88879822429763005C25A9 /* Views */ = {
			isa = PBXGroup;
			children = (
				6C88879E2242990B005C25A9 /* ReaktorMapViewController.swift */,
				6C8887A92243EA8D005C25A9 /* ReaktorMapViewModel.swift */,
				6C8887C32245D341005C25A9 /* TwitterModalViewController.swift */,
			);
			path = Views;
			sourceTree = "<group>";
		};
		6C8887992242976D005C25A9 /* Model */ = {
			isa = PBXGroup;
			children = (
				6C8887AB2243ECC4005C25A9 /* Statuses.swift */,
				6C8887B9224458A8005C25A9 /* Status.swift */,
				6C8887BB224459AF005C25A9 /* User.swift */,
				6C8887B52244208F005C25A9 /* Token.swift */,
				6C8887C52245D42C005C25A9 /* Entities.swift */,
				6C8887C72245D4BA005C25A9 /* URLElement.swift */,
			);
			path = Model;
			sourceTree = "<group>";
		};
		6C88879A22429780005C25A9 /* Supporting Files */ = {
			isa = PBXGroup;
			children = (
				6C88879022429452005C25A9 /* Info.plist */,
			);
			path = "Supporting Files";
			sourceTree = "<group>";
		};
		6C88879B224297A0005C25A9 /* Managers */ = {
			isa = PBXGroup;
			children = (
				6C88879C2242983D005C25A9 /* UserLocationManager.swift */,
			);
			path = Managers;
			sourceTree = "<group>";
		};
		6C8887A222429C95005C25A9 /* Networking */ = {
			isa = PBXGroup;
			children = (
				6C8887AE2243F0B9005C25A9 /* Constants.swift */,
				6C8887BF2245AD6C005C25A9 /* APIService.swift */,
				6C8887A0224299F5005C25A9 /* AuthManager.swift */,
			);
			path = Networking;
			sourceTree = "<group>";
		};
		6C8887AD2243F0B0005C25A9 /* Helpers */ = {
			isa = PBXGroup;
			children = (
				6C8887B722443549005C25A9 /* String+Base64.swift */,
				6C8887C12245CCAE005C25A9 /* LocationNearUser.swift */,
			);
			path = Helpers;
			sourceTree = "<group>";
		};
/* End PBXGroup section */

/* Begin PBXNativeTarget section */
		6C88878022429451005C25A9 /* ReaktorMap */ = {
			isa = PBXNativeTarget;
			buildConfigurationList = 6C88879322429452005C25A9 /* Build configuration list for PBXNativeTarget "ReaktorMap" */;
			buildPhases = (
				0997174651215605CEF2F8B9 /* [CP] Check Pods Manifest.lock */,
				6C88877D22429451005C25A9 /* Sources */,
				6C88877E22429451005C25A9 /* Frameworks */,
				6C88877F22429451005C25A9 /* Resources */,
				35D47417583584C2A8A2885A /* [CP] Embed Pods Frameworks */,
			);
			buildRules = (
			);
			dependencies = (
			);
			name = ReaktorMap;
			productName = ReaktorMap;
			productReference = 6C88878122429451005C25A9 /* ReaktorMap.app */;
			productType = "com.apple.product-type.application";
		};
/* End PBXNativeTarget section */

/* Begin PBXProject section */
		6C88877922429451005C25A9 /* Project object */ = {
			isa = PBXProject;
			attributes = {
				LastSwiftUpdateCheck = 1010;
				LastUpgradeCheck = 1010;
				ORGANIZATIONNAME = harryliddell;
				TargetAttributes = {
					6C88878022429451005C25A9 = {
						CreatedOnToolsVersion = 10.1;
					};
				};
			};
			buildConfigurationList = 6C88877C22429451005C25A9 /* Build configuration list for PBXProject "ReaktorMap" */;
			compatibilityVersion = "Xcode 9.3";
			developmentRegion = en;
			hasScannedForEncodings = 0;
			knownRegions = (
				en,
				Base,
			);
			mainGroup = 6C88877822429451005C25A9;
			productRefGroup = 6C88878222429451005C25A9 /* Products */;
			projectDirPath = "";
			projectRoot = "";
			targets = (
				6C88878022429451005C25A9 /* ReaktorMap */,
			);
		};
/* End PBXProject section */

/* Begin PBXResourcesBuildPhase section */
		6C88877F22429451005C25A9 /* Resources */ = {
			isa = PBXResourcesBuildPhase;
			buildActionMask = 2147483647;
			files = (
				6C88878F22429452005C25A9 /* LaunchScreen.storyboard in Resources */,
				6C88878C22429452005C25A9 /* Assets.xcassets in Resources */,
				6C88878A22429451005C25A9 /* Main.storyboard in Resources */,
			);
			runOnlyForDeploymentPostprocessing = 0;
		};
/* End PBXResourcesBuildPhase section */

/* Begin PBXShellScriptBuildPhase section */
		0997174651215605CEF2F8B9 /* [CP] Check Pods Manifest.lock */ = {
			isa = PBXShellScriptBuildPhase;
			buildActionMask = 2147483647;
			files = (
			);
			inputPaths = (
				"${PODS_PODFILE_DIR_PATH}/Podfile.lock",
				"${PODS_ROOT}/Manifest.lock",
			);
			name = "[CP] Check Pods Manifest.lock";
			outputPaths = (
				"$(DERIVED_FILE_DIR)/Pods-ReaktorMap-checkManifestLockResult.txt",
			);
			runOnlyForDeploymentPostprocessing = 0;
			shellPath = /bin/sh;
			shellScript = "diff \"${PODS_PODFILE_DIR_PATH}/Podfile.lock\" \"${PODS_ROOT}/Manifest.lock\" > /dev/null\nif [ $? != 0 ] ; then\n    # print error to STDERR\n    echo \"error: The sandbox is not in sync with the Podfile.lock. Run 'pod install' or update your CocoaPods installation.\" >&2\n    exit 1\nfi\n# This output is used by Xcode 'outputs' to avoid re-running this script phase.\necho \"SUCCESS\" > \"${SCRIPT_OUTPUT_FILE_0}\"\n";
			showEnvVarsInLog = 0;
		};
		35D47417583584C2A8A2885A /* [CP] Embed Pods Frameworks */ = {
			isa = PBXShellScriptBuildPhase;
			buildActionMask = 2147483647;
			files = (
			);
			inputPaths = (
				"${SRCROOT}/Pods/Target Support Files/Pods-ReaktorMap/Pods-ReaktorMap-frameworks.sh",
				"${BUILT_PRODUCTS_DIR}/Alamofire/Alamofire.framework",
				"${BUILT_PRODUCTS_DIR}/Moya/Moya.framework",
				"${BUILT_PRODUCTS_DIR}/Result/Result.framework",
			);
			name = "[CP] Embed Pods Frameworks";
			outputPaths = (
				"${TARGET_BUILD_DIR}/${FRAMEWORKS_FOLDER_PATH}/Alamofire.framework",
				"${TARGET_BUILD_DIR}/${FRAMEWORKS_FOLDER_PATH}/Moya.framework",
				"${TARGET_BUILD_DIR}/${FRAMEWORKS_FOLDER_PATH}/Result.framework",
			);
			runOnlyForDeploymentPostprocessing = 0;
			shellPath = /bin/sh;
			shellScript = "\"${SRCROOT}/Pods/Target Support Files/Pods-ReaktorMap/Pods-ReaktorMap-frameworks.sh\"\n";
			showEnvVarsInLog = 0;
		};
/* End PBXShellScriptBuildPhase section */

/* Begin PBXSourcesBuildPhase section */
		6C88877D22429451005C25A9 /* Sources */ = {
			isa = PBXSourcesBuildPhase;
			buildActionMask = 2147483647;
			files = (
				6C8887C62245D42C005C25A9 /* Entities.swift in Sources */,
				6C8887BC224459AF005C25A9 /* User.swift in Sources */,
				6C8887A1224299F5005C25A9 /* AuthManager.swift in Sources */,
				6C8887C42245D341005C25A9 /* TwitterModalViewController.swift in Sources */,
				6C8887B62244208F005C25A9 /* Token.swift in Sources */,
				6C88878522429451005C25A9 /* AppDelegate.swift in Sources */,
				6C8887C22245CCAE005C25A9 /* LocationNearUser.swift in Sources */,
				6C88879D2242983D005C25A9 /* UserLocationManager.swift in Sources */,
				6C8887C82245D4BA005C25A9 /* URLElement.swift in Sources */,
				6C8887B822443549005C25A9 /* String+Base64.swift in Sources */,
				6C8887AC2243ECC4005C25A9 /* Statuses.swift in Sources */,
				6C8887AF2243F0B9005C25A9 /* Constants.swift in Sources */,
				6C8887C02245AD6C005C25A9 /* APIService.swift in Sources */,
				6C88879F2242990B005C25A9 /* ReaktorMapViewController.swift in Sources */,
				6C8887AA2243EA8D005C25A9 /* ReaktorMapViewModel.swift in Sources */,
				6C8887BA224458A8005C25A9 /* Status.swift in Sources */,
			);
			runOnlyForDeploymentPostprocessing = 0;
		};
/* End PBXSourcesBuildPhase section */

/* Begin PBXVariantGroup section */
		6C88878822429451005C25A9 /* Main.storyboard */ = {
			isa = PBXVariantGroup;
			children = (
				6C88878922429451005C25A9 /* Base */,
			);
			name = Main.storyboard;
			sourceTree = "<group>";
		};
		6C88878D22429452005C25A9 /* LaunchScreen.storyboard */ = {
			isa = PBXVariantGroup;
			children = (
				6C88878E22429452005C25A9 /* Base */,
			);
			name = LaunchScreen.storyboard;
			sourceTree = "<group>";
		};
/* End PBXVariantGroup section */

/* Begin XCBuildConfiguration section */
		6C88879122429452005C25A9 /* Debug */ = {
			isa = XCBuildConfiguration;
			buildSettings = {
				ALWAYS_SEARCH_USER_PATHS = NO;
				CLANG_ANALYZER_NONNULL = YES;
				CLANG_ANALYZER_NUMBER_OBJECT_CONVERSION = YES_AGGRESSIVE;
				CLANG_CXX_LANGUAGE_STANDARD = "gnu++14";
				CLANG_CXX_LIBRARY = "libc++";
				CLANG_ENABLE_MODULES = YES;
				CLANG_ENABLE_OBJC_ARC = YES;
				CLANG_ENABLE_OBJC_WEAK = YES;
				CLANG_WARN_BLOCK_CAPTURE_AUTORELEASING = YES;
				CLANG_WARN_BOOL_CONVERSION = YES;
				CLANG_WARN_COMMA = YES;
				CLANG_WARN_CONSTANT_CONVERSION = YES;
				CLANG_WARN_DEPRECATED_OBJC_IMPLEMENTATIONS = YES;
				CLANG_WARN_DIRECT_OBJC_ISA_USAGE = YES_ERROR;
				CLANG_WARN_DOCUMENTATION_COMMENTS = YES;
				CLANG_WARN_EMPTY_BODY = YES;
				CLANG_WARN_ENUM_CONVERSION = YES;
				CLANG_WARN_INFINITE_RECURSION = YES;
				CLANG_WARN_INT_CONVERSION = YES;
				CLANG_WARN_NON_LITERAL_NULL_CONVERSION = YES;
				CLANG_WARN_OBJC_IMPLICIT_RETAIN_SELF = YES;
				CLANG_WARN_OBJC_LITERAL_CONVERSION = YES;
				CLANG_WARN_OBJC_ROOT_CLASS = YES_ERROR;
				CLANG_WARN_RANGE_LOOP_ANALYSIS = YES;
				CLANG_WARN_STRICT_PROTOTYPES = YES;
				CLANG_WARN_SUSPICIOUS_MOVE = YES;
				CLANG_WARN_UNGUARDED_AVAILABILITY = YES_AGGRESSIVE;
				CLANG_WARN_UNREACHABLE_CODE = YES;
				CLANG_WARN__DUPLICATE_METHOD_MATCH = YES;
				CODE_SIGN_IDENTITY = "iPhone Developer";
				COPY_PHASE_STRIP = NO;
				DEBUG_INFORMATION_FORMAT = dwarf;
				ENABLE_STRICT_OBJC_MSGSEND = YES;
				ENABLE_TESTABILITY = YES;
				GCC_C_LANGUAGE_STANDARD = gnu11;
				GCC_DYNAMIC_NO_PIC = NO;
				GCC_NO_COMMON_BLOCKS = YES;
				GCC_OPTIMIZATION_LEVEL = 0;
				GCC_PREPROCESSOR_DEFINITIONS = (
					"DEBUG=1",
					"$(inherited)",
				);
				GCC_WARN_64_TO_32_BIT_CONVERSION = YES;
				GCC_WARN_ABOUT_RETURN_TYPE = YES_ERROR;
				GCC_WARN_UNDECLARED_SELECTOR = YES;
				GCC_WARN_UNINITIALIZED_AUTOS = YES_AGGRESSIVE;
				GCC_WARN_UNUSED_FUNCTION = YES;
				GCC_WARN_UNUSED_VARIABLE = YES;
				IPHONEOS_DEPLOYMENT_TARGET = 12.1;
				MTL_ENABLE_DEBUG_INFO = INCLUDE_SOURCE;
				MTL_FAST_MATH = YES;
				ONLY_ACTIVE_ARCH = YES;
				SDKROOT = iphoneos;
				SWIFT_ACTIVE_COMPILATION_CONDITIONS = DEBUG;
				SWIFT_OPTIMIZATION_LEVEL = "-Onone";
			};
			name = Debug;
		};
		6C88879222429452005C25A9 /* Release */ = {
			isa = XCBuildConfiguration;
			buildSettings = {
				ALWAYS_SEARCH_USER_PATHS = NO;
				CLANG_ANALYZER_NONNULL = YES;
				CLANG_ANALYZER_NUMBER_OBJECT_CONVERSION = YES_AGGRESSIVE;
				CLANG_CXX_LANGUAGE_STANDARD = "gnu++14";
				CLANG_CXX_LIBRARY = "libc++";
				CLANG_ENABLE_MODULES = YES;
				CLANG_ENABLE_OBJC_ARC = YES;
				CLANG_ENABLE_OBJC_WEAK = YES;
				CLANG_WARN_BLOCK_CAPTURE_AUTORELEASING = YES;
				CLANG_WARN_BOOL_CONVERSION = YES;
				CLANG_WARN_COMMA = YES;
				CLANG_WARN_CONSTANT_CONVERSION = YES;
				CLANG_WARN_DEPRECATED_OBJC_IMPLEMENTATIONS = YES;
				CLANG_WARN_DIRECT_OBJC_ISA_USAGE = YES_ERROR;
				CLANG_WARN_DOCUMENTATION_COMMENTS = YES;
				CLANG_WARN_EMPTY_BODY = YES;
				CLANG_WARN_ENUM_CONVERSION = YES;
				CLANG_WARN_INFINITE_RECURSION = YES;
				CLANG_WARN_INT_CONVERSION = YES;
				CLANG_WARN_NON_LITERAL_NULL_CONVERSION = YES;
				CLANG_WARN_OBJC_IMPLICIT_RETAIN_SELF = YES;
				CLANG_WARN_OBJC_LITERAL_CONVERSION = YES;
				CLANG_WARN_OBJC_ROOT_CLASS = YES_ERROR;
				CLANG_WARN_RANGE_LOOP_ANALYSIS = YES;
				CLANG_WARN_STRICT_PROTOTYPES = YES;
				CLANG_WARN_SUSPICIOUS_MOVE = YES;
				CLANG_WARN_UNGUARDED_AVAILABILITY = YES_AGGRESSIVE;
				CLANG_WARN_UNREACHABLE_CODE = YES;
				CLANG_WARN__DUPLICATE_METHOD_MATCH = YES;
				CODE_SIGN_IDENTITY = "iPhone Developer";
				COPY_PHASE_STRIP = NO;
				DEBUG_INFORMATION_FORMAT = "dwarf-with-dsym";
				ENABLE_NS_ASSERTIONS = NO;
				ENABLE_STRICT_OBJC_MSGSEND = YES;
				GCC_C_LANGUAGE_STANDARD = gnu11;
				GCC_NO_COMMON_BLOCKS = YES;
				GCC_WARN_64_TO_32_BIT_CONVERSION = YES;
				GCC_WARN_ABOUT_RETURN_TYPE = YES_ERROR;
				GCC_WARN_UNDECLARED_SELECTOR = YES;
				GCC_WARN_UNINITIALIZED_AUTOS = YES_AGGRESSIVE;
				GCC_WARN_UNUSED_FUNCTION = YES;
				GCC_WARN_UNUSED_VARIABLE = YES;
				IPHONEOS_DEPLOYMENT_TARGET = 12.1;
				MTL_ENABLE_DEBUG_INFO = NO;
				MTL_FAST_MATH = YES;
				SDKROOT = iphoneos;
				SWIFT_COMPILATION_MODE = wholemodule;
				SWIFT_OPTIMIZATION_LEVEL = "-O";
				VALIDATE_PRODUCT = YES;
			};
			name = Release;
		};
		6C88879422429452005C25A9 /* Debug */ = {
			isa = XCBuildConfiguration;
			baseConfigurationReference = 66230FF84013E3109C00A84C /* Pods-ReaktorMap.debug.xcconfig */;
			buildSettings = {
				ASSETCATALOG_COMPILER_APPICON_NAME = AppIcon;
				CODE_SIGN_STYLE = Automatic;
				DEVELOPMENT_TEAM = MFJ62GSP49;
				INFOPLIST_FILE = "ReaktorMap/Supporting Files/Info.plist";
				LD_RUNPATH_SEARCH_PATHS = (
					"$(inherited)",
					"@executable_path/Frameworks",
				);
				PRODUCT_BUNDLE_IDENTIFIER = com.harryliddell.ReaktorMap;
				PRODUCT_NAME = "$(TARGET_NAME)";
				SWIFT_VERSION = 4.2;
				TARGETED_DEVICE_FAMILY = "1,2";
			};
			name = Debug;
		};
		6C88879522429452005C25A9 /* Release */ = {
			isa = XCBuildConfiguration;
			baseConfigurationReference = E05786758F452AC41D33201F /* Pods-ReaktorMap.release.xcconfig */;
			buildSettings = {
				ASSETCATALOG_COMPILER_APPICON_NAME = AppIcon;
				CODE_SIGN_STYLE = Automatic;
				DEVELOPMENT_TEAM = MFJ62GSP49;
				INFOPLIST_FILE = "ReaktorMap/Supporting Files/Info.plist";
				LD_RUNPATH_SEARCH_PATHS = (
					"$(inherited)",
					"@executable_path/Frameworks",
				);
				PRODUCT_BUNDLE_IDENTIFIER = com.harryliddell.ReaktorMap;
				PRODUCT_NAME = "$(TARGET_NAME)";
				SWIFT_VERSION = 4.2;
				TARGETED_DEVICE_FAMILY = "1,2";
			};
			name = Release;
		};
/* End XCBuildConfiguration section */

/* Begin XCConfigurationList section */
		6C88877C22429451005C25A9 /* Build configuration list for PBXProject "ReaktorMap" */ = {
			isa = XCConfigurationList;
			buildConfigurations = (
				6C88879122429452005C25A9 /* Debug */,
				6C88879222429452005C25A9 /* Release */,
			);
			defaultConfigurationIsVisible = 0;
			defaultConfigurationName = Release;
		};
		6C88879322429452005C25A9 /* Build configuration list for PBXNativeTarget "ReaktorMap" */ = {
			isa = XCConfigurationList;
			buildConfigurations = (
				6C88879422429452005C25A9 /* Debug */,
				6C88879522429452005C25A9 /* Release */,
			);
			defaultConfigurationIsVisible = 0;
			defaultConfigurationName = Release;
		};
/* End XCConfigurationList section */
	};
	rootObject = 6C88877922429451005C25A9 /* Project object */;
}
